
Microsoft Visual Studio Solution File, Format Version 12.00
# Visual Studio Version 17
VisualStudioVersion = 17.12.35527.113 d17.12
MinimumVisualStudioVersion = 10.0.40219.1
Project("{FAE04EC0-301F-11D3-BF4B-00C04F79EFBC}") = "LightRail.DotNet", "LightRail.DotNet\LightRail.DotNet.csproj", "{C0862A01-F1DC-48A7-9386-D225A76DB916}"
EndProject
Project("{FAE04EC0-301F-11D3-BF4B-00C04F79EFBC}") = "LightRail.DotNet.Tests", "LightRail.DotNet.Tests\LightRail.DotNet.Tests.csproj", "{2B5296FF-01CD-4800-9E93-6BCB5B0BCF5D}"
EndProject
Global
	GlobalSection(SolutionConfigurationPlatforms) = preSolution
		Debug|Any CPU = Debug|Any CPU
		Release|Any CPU = Release|Any CPU
	EndGlobalSection
	GlobalSection(ProjectConfigurationPlatforms) = postSolution
		{C0862A01-F1DC-48A7-9386-D225A76DB916}.Debug|Any CPU.ActiveCfg = Debug|Any CPU
		{C0862A01-F1DC-48A7-9386-D225A76DB916}.Debug|Any CPU.Build.0 = Debug|Any CPU
		{C0862A01-F1DC-48A7-9386-D225A76DB916}.Release|Any CPU.ActiveCfg = Release|Any CPU
		{C0862A01-F1DC-48A7-9386-D225A76DB916}.Release|Any CPU.Build.0 = Release|Any CPU
		{2B5296FF-01CD-4800-9E93-6BCB5B0BCF5D}.Debug|Any CPU.ActiveCfg = Debug|Any CPU
		{2B5296FF-01CD-4800-9E93-6BCB5B0BCF5D}.Debug|Any CPU.Build.0 = Debug|Any CPU
		{2B5296FF-01CD-4800-9E93-6BCB5B0BCF5D}.Release|Any CPU.ActiveCfg = Release|Any CPU
		{2B5296FF-01CD-4800-9E93-6BCB5B0BCF5D}.Release|Any CPU.Build.0 = Release|Any CPU
	EndGlobalSection
	GlobalSection(SolutionProperties) = preSolution
		HideSolutionNode = FALSE
	EndGlobalSection
EndGlobal
